
Microsoft Visual Studio Solution File, Format Version 12.00
# Visual Studio 15
VisualStudioVersion = 15.0.25302.0
MinimumVisualStudioVersion = 10.0.40219.1
Project("{8BC9CEB8-8B4A-11D0-8D11-00A0C91BC942}") = "noui_d3d11", "noui_d3d11\noui_d3d11.vcxproj", "{E311CC41-7397-4853-AC83-E99D39E852DF}"
EndProject
Global
	GlobalSection(SolutionConfigurationPlatforms) = preSolution
		Debug|x64 = Debug|x64
		Debug|x86 = Debug|x86
		Release|x64 = Release|x64
		Release|x86 = Release|x86
	EndGlobalSection
	GlobalSection(ProjectConfigurationPlatforms) = postSolution
		{E311CC41-7397-4853-AC83-E99D39E852DF}.Debug|x64.ActiveCfg = Debug|x64
		{E311CC41-7397-4853-AC83-E99D39E852DF}.Debug|x64.Build.0 = Debug|x64
		{E311CC41-7397-4853-AC83-E99D39E852DF}.Debug|x86.ActiveCfg = Debug|Win32
		{E311CC41-7397-4853-AC83-E99D39E852DF}.Debug|x86.Build.0 = Debug|Win32
		{E311CC41-7397-4853-AC83-E99D39E852DF}.Release|x64.ActiveCfg = Release|x64
		{E311CC41-7397-4853-AC83-E99D39E852DF}.Release|x64.Build.0 = Release|x64
		{E311CC41-7397-4853-AC83-E99D39E852DF}.Release|x86.ActiveCfg = Release|Win32
		{E311CC41-7397-4853-AC83-E99D39E852DF}.Release|x86.Build.0 = Release|Win32
	EndGlobalSection
	GlobalSection(SolutionProperties) = preSolution
		HideSolutionNode = FALSE
	EndGlobalSection
EndGlobal
